
Microsoft Visual Studio Solution File, Format Version 12.00
# Visual Studio Version 16
VisualStudioVersion = 16.0.29418.71
MinimumVisualStudioVersion = 10.0.40219.1
Project("{9A19103F-16F7-4668-BE54-9A1E7A4F7556}") = "CSVtoOCS_pkce", "CSVtoOCS_pkce.csproj", "{6B5DCAA6-6E3A-4512-8B1C-DD3A2B4CFEDC}"
EndProject
Project("{FAE04EC0-301F-11D3-BF4B-00C04F79EFBC}") = "CSVtoOCS_pkceTests", "..\CSVtoOCS_pkceTests\CSVtoOCS_pkceTests.csproj", "{1D8CCBFF-3DFE-4DD0-8CED-99B92ED07AD1}"
EndProject
Global
	GlobalSection(SolutionConfigurationPlatforms) = preSolution
		Debug|Any CPU = Debug|Any CPU
		Release|Any CPU = Release|Any CPU
	EndGlobalSection
	GlobalSection(ProjectConfigurationPlatforms) = postSolution
		{6B5DCAA6-6E3A-4512-8B1C-DD3A2B4CFEDC}.Debug|Any CPU.ActiveCfg = Debug|Any CPU
		{6B5DCAA6-6E3A-4512-8B1C-DD3A2B4CFEDC}.Debug|Any CPU.Build.0 = Debug|Any CPU
		{6B5DCAA6-6E3A-4512-8B1C-DD3A2B4CFEDC}.Release|Any CPU.ActiveCfg = Release|Any CPU
		{6B5DCAA6-6E3A-4512-8B1C-DD3A2B4CFEDC}.Release|Any CPU.Build.0 = Release|Any CPU
		{1D8CCBFF-3DFE-4DD0-8CED-99B92ED07AD1}.Debug|Any CPU.ActiveCfg = Debug|Any CPU
		{1D8CCBFF-3DFE-4DD0-8CED-99B92ED07AD1}.Debug|Any CPU.Build.0 = Debug|Any CPU
		{1D8CCBFF-3DFE-4DD0-8CED-99B92ED07AD1}.Release|Any CPU.ActiveCfg = Release|Any CPU
		{1D8CCBFF-3DFE-4DD0-8CED-99B92ED07AD1}.Release|Any CPU.Build.0 = Release|Any CPU
	EndGlobalSection
	GlobalSection(SolutionProperties) = preSolution
		HideSolutionNode = FALSE
	EndGlobalSection
	GlobalSection(ExtensibilityGlobals) = postSolution
		SolutionGuid = {14CE1AA0-A9F4-4385-AAFF-453533D2AA40}
	EndGlobalSection
EndGlobal
